// !$*UTF8*$!
{
	archiveVersion = 1;
	classes = {
	};
	objectVersion = 46;
	objects = {

/* Begin PBXBuildFile section */
		6EF8CB721A95F57200521A29 /* AppDelegate.swift in Sources */ = {isa = PBXBuildFile; fileRef = 6EF8CB711A95F57200521A29 /* AppDelegate.swift */; };
		6EF8CB741A95F57200521A29 /* ViewController.swift in Sources */ = {isa = PBXBuildFile; fileRef = 6EF8CB731A95F57200521A29 /* ViewController.swift */; };
		6EF8CB771A95F57200521A29 /* Main.storyboard in Resources */ = {isa = PBXBuildFile; fileRef = 6EF8CB751A95F57200521A29 /* Main.storyboard */; };
		6EF8CB791A95F57200521A29 /* Images.xcassets in Resources */ = {isa = PBXBuildFile; fileRef = 6EF8CB781A95F57200521A29 /* Images.xcassets */; };
		6EF8CB7C1A95F57200521A29 /* LaunchScreen.xib in Resources */ = {isa = PBXBuildFile; fileRef = 6EF8CB7A1A95F57200521A29 /* LaunchScreen.xib */; };
		6EF8CB881A95F57200521A29 /* AppMenuByPawanPoudelTests.swift in Sources */ = {isa = PBXBuildFile; fileRef = 6EF8CB871A95F57200521A29 /* AppMenuByPawanPoudelTests.swift */; };
/* End PBXBuildFile section */

/* Begin PBXContainerItemProxy section */
		6EF8CB821A95F57200521A29 /* PBXContainerItemProxy */ = {
			isa = PBXContainerItemProxy;
			containerPortal = 6EF8CB641A95F57200521A29 /* Project object */;
			proxyType = 1;
			remoteGlobalIDString = 6EF8CB6B1A95F57200521A29;
			remoteInfo = AppMenuByPawanPoudel;
		};
/* End PBXContainerItemProxy section */

/* Begin PBXFileReference section */
		6EF8CB6C1A95F57200521A29 /* AppMenuByPawanPoudel.app */ = {isa = PBXFileReference; explicitFileType = wrapper.application; includeInIndex = 0; path = AppMenuByPawanPoudel.app; sourceTree = BUILT_PRODUCTS_DIR; };
		6EF8CB701A95F57200521A29 /* Info.plist */ = {isa = PBXFileReference; lastKnownFileType = text.plist.xml; path = Info.plist; sourceTree = "<group>"; };
		6EF8CB711A95F57200521A29 /* AppDelegate.swift */ = {isa = PBXFileReference; lastKnownFileType = sourcecode.swift; path = AppDelegate.swift; sourceTree = "<group>"; };
		6EF8CB731A95F57200521A29 /* ViewController.swift */ = {isa = PBXFileReference; lastKnownFileType = sourcecode.swift; path = ViewController.swift; sourceTree = "<group>"; };
		6EF8CB761A95F57200521A29 /* Base */ = {isa = PBXFileReference; lastKnownFileType = file.storyboard; name = Base; path = Base.lproj/Main.storyboard; sourceTree = "<group>"; };
		6EF8CB781A95F57200521A29 /* Images.xcassets */ = {isa = PBXFileReference; lastKnownFileType = folder.assetcatalog; path = Images.xcassets; sourceTree = "<group>"; };
		6EF8CB7B1A95F57200521A29 /* Base */ = {isa = PBXFileReference; lastKnownFileType = file.xib; name = Base; path = Base.lproj/LaunchScreen.xib; sourceTree = "<group>"; };
		6EF8CB811A95F57200521A29 /* AppMenuByPawanPoudelTests.xctest */ = {isa = PBXFileReference; explicitFileType = wrapper.cfbundle; includeInIndex = 0; path = AppMenuByPawanPoudelTests.xctest; sourceTree = BUILT_PRODUCTS_DIR; };
		6EF8CB861A95F57200521A29 /* Info.plist */ = {isa = PBXFileReference; lastKnownFileType = text.plist.xml; path = Info.plist; sourceTree = "<group>"; };
		6EF8CB871A95F57200521A29 /* AppMenuByPawanPoudelTests.swift */ = {isa = PBXFileReference; lastKnownFileType = sourcecode.swift; path = AppMenuByPawanPoudelTests.swift; sourceTree = "<group>"; };
/* End PBXFileReference section */

/* Begin PBXFrameworksBuildPhase section */
		6EF8CB691A95F57200521A29 /* Frameworks */ = {
			isa = PBXFrameworksBuildPhase;
			buildActionMask = 2147483647;
			files = (
			);
			runOnlyForDeploymentPostprocessing = 0;
		};
		6EF8CB7E1A95F57200521A29 /* Frameworks */ = {
			isa = PBXFrameworksBuildPhase;
			buildActionMask = 2147483647;
			files = (
			);
			runOnlyForDeploymentPostprocessing = 0;
		};
/* End PBXFrameworksBuildPhase section */

/* Begin PBXGroup section */
		6EF8CB631A95F57200521A29 = {
			isa = PBXGroup;
			children = (
				6EF8CB6E1A95F57200521A29 /* AppMenuByPawanPoudel */,
				6EF8CB841A95F57200521A29 /* AppMenuByPawanPoudelTests */,
				6EF8CB6D1A95F57200521A29 /* Products */,
			);
			sourceTree = "<group>";
		};
		6EF8CB6D1A95F57200521A29 /* Products */ = {
			isa = PBXGroup;
			children = (
				6EF8CB6C1A95F57200521A29 /* AppMenuByPawanPoudel.app */,
				6EF8CB811A95F57200521A29 /* AppMenuByPawanPoudelTests.xctest */,
			);
			name = Products;
			sourceTree = "<group>";
		};
		6EF8CB6E1A95F57200521A29 /* AppMenuByPawanPoudel */ = {
			isa = PBXGroup;
			children = (
				6EF8CB711A95F57200521A29 /* AppDelegate.swift */,
				6EF8CB731A95F57200521A29 /* ViewController.swift */,
				6EF8CB751A95F57200521A29 /* Main.storyboard */,
				6EF8CB781A95F57200521A29 /* Images.xcassets */,
				6EF8CB7A1A95F57200521A29 /* LaunchScreen.xib */,
				6EF8CB6F1A95F57200521A29 /* Supporting Files */,
			);
			path = AppMenuByPawanPoudel;
			sourceTree = "<group>";
		};
		6EF8CB6F1A95F57200521A29 /* Supporting Files */ = {
			isa = PBXGroup;
			children = (
				6EF8CB701A95F57200521A29 /* Info.plist */,
			);
			name = "Supporting Files";
			sourceTree = "<group>";
		};
		6EF8CB841A95F57200521A29 /* AppMenuByPawanPoudelTests */ = {
			isa = PBXGroup;
			children = (
				6EF8CB871A95F57200521A29 /* AppMenuByPawanPoudelTests.swift */,
				6EF8CB851A95F57200521A29 /* Supporting Files */,
			);
			path = AppMenuByPawanPoudelTests;
			sourceTree = "<group>";
		};
		6EF8CB851A95F57200521A29 /* Supporting Files */ = {
			isa = PBXGroup;
			children = (
				6EF8CB861A95F57200521A29 /* Info.plist */,
			);
			name = "Supporting Files";
			sourceTree = "<group>";
		};
/* End PBXGroup section */

/* Begin PBXNativeTarget section */
		6EF8CB6B1A95F57200521A29 /* AppMenuByPawanPoudel */ = {
			isa = PBXNativeTarget;
			buildConfigurationList = 6EF8CB8B1A95F57200521A29 /* Build configuration list for PBXNativeTarget "AppMenuByPawanPoudel" */;
			buildPhases = (
				6EF8CB681A95F57200521A29 /* Sources */,
				6EF8CB691A95F57200521A29 /* Frameworks */,
				6EF8CB6A1A95F57200521A29 /* Resources */,
			);
			buildRules = (
			);
			dependencies = (
			);
			name = AppMenuByPawanPoudel;
			productName = AppMenuByPawanPoudel;
			productReference = 6EF8CB6C1A95F57200521A29 /* AppMenuByPawanPoudel.app */;
			productType = "com.apple.product-type.application";
		};
		6EF8CB801A95F57200521A29 /* AppMenuByPawanPoudelTests */ = {
			isa = PBXNativeTarget;
			buildConfigurationList = 6EF8CB8E1A95F57200521A29 /* Build configuration list for PBXNativeTarget "AppMenuByPawanPoudelTests" */;
			buildPhases = (
				6EF8CB7D1A95F57200521A29 /* Sources */,
				6EF8CB7E1A95F57200521A29 /* Frameworks */,
				6EF8CB7F1A95F57200521A29 /* Resources */,
			);
			buildRules = (
			);
			dependencies = (
				6EF8CB831A95F57200521A29 /* PBXTargetDependency */,
			);
			name = AppMenuByPawanPoudelTests;
			productName = AppMenuByPawanPoudelTests;
			productReference = 6EF8CB811A95F57200521A29 /* AppMenuByPawanPoudelTests.xctest */;
			productType = "com.apple.product-type.bundle.unit-test";
		};
/* End PBXNativeTarget section */

/* Begin PBXProject section */
		6EF8CB641A95F57200521A29 /* Project object */ = {
			isa = PBXProject;
			attributes = {
				LastUpgradeCheck = 0610;
				ORGANIZATIONNAME = madeTK.com;
				TargetAttributes = {
					6EF8CB6B1A95F57200521A29 = {
						CreatedOnToolsVersion = 6.1.1;
					};
					6EF8CB801A95F57200521A29 = {
						CreatedOnToolsVersion = 6.1.1;
						TestTargetID = 6EF8CB6B1A95F57200521A29;
					};
				};
			};
			buildConfigurationList = 6EF8CB671A95F57200521A29 /* Build configuration list for PBXProject "AppMenuByPawanPoudel" */;
			compatibilityVersion = "Xcode 3.2";
			developmentRegion = English;
			hasScannedForEncodings = 0;
			knownRegions = (
				en,
				Base,
			);
			mainGroup = 6EF8CB631A95F57200521A29;
			productRefGroup = 6EF8CB6D1A95F57200521A29 /* Products */;
			projectDirPath = "";
			projectRoot = "";
			targets = (
				6EF8CB6B1A95F57200521A29 /* AppMenuByPawanPoudel */,
				6EF8CB801A95F57200521A29 /* AppMenuByPawanPoudelTests */,
			);
		};
/* End PBXProject section */

/* Begin PBXResourcesBuildPhase section */
		6EF8CB6A1A95F57200521A29 /* Resources */ = {
			isa = PBXResourcesBuildPhase;
			buildActionMask = 2147483647;
			files = (
				6EF8CB771A95F57200521A29 /* Main.storyboard in Resources */,
				6EF8CB7C1A95F57200521A29 /* LaunchScreen.xib in Resources */,
				6EF8CB791A95F57200521A29 /* Images.xcassets in Resources */,
			);
			runOnlyForDeploymentPostprocessing = 0;
		};
		6EF8CB7F1A95F57200521A29 /* Resources */ = {
			isa = PBXResourcesBuildPhase;
			buildActionMask = 2147483647;
			files = (
			);
			runOnlyForDeploymentPostprocessing = 0;
		};
/* End PBXResourcesBuildPhase section */

/* Begin PBXSourcesBuildPhase section */
		6EF8CB681A95F57200521A29 /* Sources */ = {
			isa = PBXSourcesBuildPhase;
			buildActionMask = 2147483647;
			files = (
				6EF8CB741A95F57200521A29 /* ViewController.swift in Sources */,
				6EF8CB721A95F57200521A29 /* AppDelegate.swift in Sources */,
			);
			runOnlyForDeploymentPostprocessing = 0;
		};
		6EF8CB7D1A95F57200521A29 /* Sources */ = {
			isa = PBXSourcesBuildPhase;
			buildActionMask = 2147483647;
			files = (
				6EF8CB881A95F57200521A29 /* AppMenuByPawanPoudelTests.swift in Sources */,
			);
			runOnlyForDeploymentPostprocessing = 0;
		};
/* End PBXSourcesBuildPhase section */

/* Begin PBXTargetDependency section */
		6EF8CB831A95F57200521A29 /* PBXTargetDependency */ = {
			isa = PBXTargetDependency;
			target = 6EF8CB6B1A95F57200521A29 /* AppMenuByPawanPoudel */;
			targetProxy = 6EF8CB821A95F57200521A29 /* PBXContainerItemProxy */;
		};
/* End PBXTargetDependency section */

/* Begin PBXVariantGroup section */
		6EF8CB751A95F57200521A29 /* Main.storyboard */ = {
			isa = PBXVariantGroup;
			children = (
				6EF8CB761A95F57200521A29 /* Base */,
			);
			name = Main.storyboard;
			sourceTree = "<group>";
		};
		6EF8CB7A1A95F57200521A29 /* LaunchScreen.xib */ = {
			isa = PBXVariantGroup;
			children = (
				6EF8CB7B1A95F57200521A29 /* Base */,
			);
			name = LaunchScreen.xib;
			sourceTree = "<group>";
		};
/* End PBXVariantGroup section */

/* Begin XCBuildConfiguration section */
		6EF8CB891A95F57200521A29 /* Debug */ = {
			isa = XCBuildConfiguration;
			buildSettings = {
				ALWAYS_SEARCH_USER_PATHS = NO;
				CLANG_CXX_LANGUAGE_STANDARD = "gnu++0x";
				CLANG_CXX_LIBRARY = "libc++";
				CLANG_ENABLE_MODULES = YES;
				CLANG_ENABLE_OBJC_ARC = YES;
				CLANG_WARN_BOOL_CONVERSION = YES;
				CLANG_WARN_CONSTANT_CONVERSION = YES;
				CLANG_WARN_DIRECT_OBJC_ISA_USAGE = YES_ERROR;
				CLANG_WARN_EMPTY_BODY = YES;
				CLANG_WARN_ENUM_CONVERSION = YES;
				CLANG_WARN_INT_CONVERSION = YES;
				CLANG_WARN_OBJC_ROOT_CLASS = YES_ERROR;
				CLANG_WARN_UNREACHABLE_CODE = YES;
				CLANG_WARN__DUPLICATE_METHOD_MATCH = YES;
				"CODE_SIGN_IDENTITY[sdk=iphoneos*]" = "iPhone Developer";
				COPY_PHASE_STRIP = NO;
				ENABLE_STRICT_OBJC_MSGSEND = YES;
				GCC_C_LANGUAGE_STANDARD = gnu99;
				GCC_DYNAMIC_NO_PIC = NO;
				GCC_OPTIMIZATION_LEVEL = 0;
				GCC_PREPROCESSOR_DEFINITIONS = (
					"DEBUG=1",
					"$(inherited)",
				);
				GCC_SYMBOLS_PRIVATE_EXTERN = NO;
				GCC_WARN_64_TO_32_BIT_CONVERSION = YES;
				GCC_WARN_ABOUT_RETURN_TYPE = YES_ERROR;
				GCC_WARN_UNDECLARED_SELECTOR = YES;
				GCC_WARN_UNINITIALIZED_AUTOS = YES_AGGRESSIVE;
				GCC_WARN_UNUSED_FUNCTION = YES;
				GCC_WARN_UNUSED_VARIABLE = YES;
				IPHONEOS_DEPLOYMENT_TARGET = 8.1;
				MTL_ENABLE_DEBUG_INFO = YES;
				ONLY_ACTIVE_ARCH = YES;
				SDKROOT = iphoneos;
				SWIFT_OPTIMIZATION_LEVEL = "-Onone";
			};
			name = Debug;
		};
		6EF8CB8A1A95F57200521A29 /* Release */ = {
			isa = XCBuildConfiguration;
			buildSettings = {
				ALWAYS_SEARCH_USER_PATHS = NO;
				CLANG_CXX_LANGUAGE_STANDARD = "gnu++0x";
				CLANG_CXX_LIBRARY = "libc++";
				CLANG_ENABLE_MODULES = YES;
				CLANG_ENABLE_OBJC_ARC = YES;
				CLANG_WARN_BOOL_CONVERSION = YES;
				CLANG_WARN_CONSTANT_CONVERSION = YES;
				CLANG_WARN_DIRECT_OBJC_ISA_USAGE = YES_ERROR;
				CLANG_WARN_EMPTY_BODY = YES;
				CLANG_WARN_ENUM_CONVERSION = YES;
				CLANG_WARN_INT_CONVERSION = YES;
				CLANG_WARN_OBJC_ROOT_CLASS = YES_ERROR;
				CLANG_WARN_UNREACHABLE_CODE = YES;
				CLANG_WARN__DUPLICATE_METHOD_MATCH = YES;
				"CODE_SIGN_IDENTITY[sdk=iphoneos*]" = "iPhone Developer";
				COPY_PHASE_STRIP = YES;
				ENABLE_NS_ASSERTIONS = NO;
				ENABLE_STRICT_OBJC_MSGSEND = YES;
				GCC_C_LANGUAGE_STANDARD = gnu99;
				GCC_WARN_64_TO_32_BIT_CONVERSION = YES;
				GCC_WARN_ABOUT_RETURN_TYPE = YES_ERROR;
				GCC_WARN_UNDECLARED_SELECTOR = YES;
				GCC_WARN_UNINITIALIZED_AUTOS = YES_AGGRESSIVE;
				GCC_WARN_UNUSED_FUNCTION = YES;
				GCC_WARN_UNUSED_VARIABLE = YES;
				IPHONEOS_DEPLOYMENT_TARGET = 8.1;
				MTL_ENABLE_DEBUG_INFO = NO;
				SDKROOT = iphoneos;
				VALIDATE_PRODUCT = YES;
			};
			name = Release;
		};
		6EF8CB8C1A95F57200521A29 /* Debug */ = {
			isa = XCBuildConfiguration;
			buildSettings = {
				ASSETCATALOG_COMPILER_APPICON_NAME = AppIcon;
				INFOPLIST_FILE = AppMenuByPawanPoudel/Info.plist;
				LD_RUNPATH_SEARCH_PATHS = "$(inherited) @executable_path/Frameworks";
				PRODUCT_NAME = "$(TARGET_NAME)";
			};
			name = Debug;
		};
		6EF8CB8D1A95F57200521A29 /* Release */ = {
			isa = XCBuildConfiguration;
			buildSettings = {
				ASSETCATALOG_COMPILER_APPICON_NAME = AppIcon;
				INFOPLIST_FILE = AppMenuByPawanPoudel/Info.plist;
				LD_RUNPATH_SEARCH_PATHS = "$(inherited) @executable_path/Frameworks";
				PRODUCT_NAME = "$(TARGET_NAME)";
			};
			name = Release;
		};
		6EF8CB8F1A95F57200521A29 /* Debug */ = {
			isa = XCBuildConfiguration;
			buildSettings = {
				BUNDLE_LOADER = "$(TEST_HOST)";
				FRAMEWORK_SEARCH_PATHS = (
					"$(SDKROOT)/Developer/Library/Frameworks",
					"$(inherited)",
				);
				GCC_PREPROCESSOR_DEFINITIONS = (
					"DEBUG=1",
					"$(inherited)",
				);
				INFOPLIST_FILE = AppMenuByPawanPoudelTests/Info.plist;
				LD_RUNPATH_SEARCH_PATHS = "$(inherited) @executable_path/Frameworks @loader_path/Frameworks";
				PRODUCT_NAME = "$(TARGET_NAME)";
				TEST_HOST = "$(BUILT_PRODUCTS_DIR)/AppMenuByPawanPoudel.app/AppMenuByPawanPoudel";
			};
			name = Debug;
		};
		6EF8CB901A95F57200521A29 /* Release */ = {
			isa = XCBuildConfiguration;
			buildSettings = {
				BUNDLE_LOADER = "$(TEST_HOST)";
				FRAMEWORK_SEARCH_PATHS = (
					"$(SDKROOT)/Developer/Library/Frameworks",
					"$(inherited)",
				);
				INFOPLIST_FILE = AppMenuByPawanPoudelTests/Info.plist;
				LD_RUNPATH_SEARCH_PATHS = "$(inherited) @executable_path/Frameworks @loader_path/Frameworks";
				PRODUCT_NAME = "$(TARGET_NAME)";
				TEST_HOST = "$(BUILT_PRODUCTS_DIR)/AppMenuByPawanPoudel.app/AppMenuByPawanPoudel";
			};
			name = Release;
		};
/* End XCBuildConfiguration section */

/* Begin XCConfigurationList section */
		6EF8CB671A95F57200521A29 /* Build configuration list for PBXProject "AppMenuByPawanPoudel" */ = {
			isa = XCConfigurationList;
			buildConfigurations = (
				6EF8CB891A95F57200521A29 /* Debug */,
				6EF8CB8A1A95F57200521A29 /* Release */,
			);
			defaultConfigurationIsVisible = 0;
			defaultConfigurationName = Release;
		};
		6EF8CB8B1A95F57200521A29 /* Build configuration list for PBXNativeTarget "AppMenuByPawanPoudel" */ = {
			isa = XCConfigurationList;
			buildConfigurations = (
				6EF8CB8C1A95F57200521A29 /* Debug */,
				6EF8CB8D1A95F57200521A29 /* Release */,
			);
			defaultConfigurationIsVisible = 0;
		};
		6EF8CB8E1A95F57200521A29 /* Build configuration list for PBXNativeTarget "AppMenuByPawanPoudelTests" */ = {
			isa = XCConfigurationList;
			buildConfigurations = (
				6EF8CB8F1A95F57200521A29 /* Debug */,
				6EF8CB901A95F57200521A29 /* Release */,
			);
			defaultConfigurationIsVisible = 0;
		};
/* End XCConfigurationList section */
	};
	rootObject = 6EF8CB641A95F57200521A29 /* Project object */;
}
