// !$*UTF8*$!
{
	archiveVersion = 1;
	classes = {
	};
	objectVersion = 46;
	objects = {

/* Begin PBXBuildFile section */
		6EF8CB961A95F5F700521A29 /* AppDelegate.swift in Sources */ = {isa = PBXBuildFile; fileRef = 6EF8CB931A95F5F700521A29 /* AppDelegate.swift */; };
		6EF8CB971A95F5F700521A29 /* ObjectConfigurator.swift in Sources */ = {isa = PBXBuildFile; fileRef = 6EF8CB941A95F5F700521A29 /* ObjectConfigurator.swift */; };
		6EF8CB981A95F5F700521A29 /* Images.xcassets in Resources */ = {isa = PBXBuildFile; fileRef = 6EF8CB951A95F5F700521A29 /* Images.xcassets */; };
		6EF8CBA61A95F61900521A29 /* AppMenuManager.swift in Sources */ = {isa = PBXBuildFile; fileRef = 6EF8CB9A1A95F61900521A29 /* AppMenuManager.swift */; };
		6EF8CBA71A95F61900521A29 /* MenuItemsReader.swift in Sources */ = {isa = PBXBuildFile; fileRef = 6EF8CB9B1A95F61900521A29 /* MenuItemsReader.swift */; };
		6EF8CBA81A95F61900521A29 /* MenuItemsPlistReader.swift in Sources */ = {isa = PBXBuildFile; fileRef = 6EF8CB9C1A95F61900521A29 /* MenuItemsPlistReader.swift */; };
		6EF8CBA91A95F61900521A29 /* MenuItem.swift in Sources */ = {isa = PBXBuildFile; fileRef = 6EF8CB9D1A95F61900521A29 /* MenuItem.swift */; };
		6EF8CBAA1A95F61900521A29 /* MenuItemBuilder.swift in Sources */ = {isa = PBXBuildFile; fileRef = 6EF8CB9E1A95F61900521A29 /* MenuItemBuilder.swift */; };
		6EF8CBAB1A95F61900521A29 /* MenuItemDefaultBuilder.swift in Sources */ = {isa = PBXBuildFile; fileRef = 6EF8CB9F1A95F61900521A29 /* MenuItemDefaultBuilder.swift */; };
		6EF8CBAC1A95F61900521A29 /* MenuTableDataSource.swift in Sources */ = {isa = PBXBuildFile; fileRef = 6EF8CBA01A95F61900521A29 /* MenuTableDataSource.swift */; };
		6EF8CBAD1A95F61900521A29 /* MenuTableDefaultDataSource.swift in Sources */ = {isa = PBXBuildFile; fileRef = 6EF8CBA11A95F61900521A29 /* MenuTableDefaultDataSource.swift */; };
		6EF8CBAE1A95F61900521A29 /* MenuViewController.swift in Sources */ = {isa = PBXBuildFile; fileRef = 6EF8CBA21A95F61900521A29 /* MenuViewController.swift */; };
		6EF8CBAF1A95F61900521A29 /* MenuViewController.xib in Resources */ = {isa = PBXBuildFile; fileRef = 6EF8CBA31A95F61900521A29 /* MenuViewController.xib */; };
		6EF8CBB01A95F61900521A29 /* MenuItemTapHandlerBuilder.swift in Sources */ = {isa = PBXBuildFile; fileRef = 6EF8CBA41A95F61900521A29 /* MenuItemTapHandlerBuilder.swift */; };
		6EF8CBB11A95F61900521A29 /* menuItems.plist in Resources */ = {isa = PBXBuildFile; fileRef = 6EF8CBA51A95F61900521A29 /* menuItems.plist */; };
		6EF8CBB91A95F64400521A29 /* ContributionsViewController.swift in Sources */ = {isa = PBXBuildFile; fileRef = 6EF8CBB31A95F64400521A29 /* ContributionsViewController.swift */; };
		6EF8CBBA1A95F64400521A29 /* ContributionsViewController.swift in Sources */ = {isa = PBXBuildFile; fileRef = 6EF8CBB31A95F64400521A29 /* ContributionsViewController.swift */; };
		6EF8CBBB1A95F64400521A29 /* ContributionsViewController.xib in Resources */ = {isa = PBXBuildFile; fileRef = 6EF8CBB41A95F64400521A29 /* ContributionsViewController.xib */; };
		6EF8CBBC1A95F64400521A29 /* ContributionsViewController.xib in Resources */ = {isa = PBXBuildFile; fileRef = 6EF8CBB41A95F64400521A29 /* ContributionsViewController.xib */; };
		6EF8CBBD1A95F64400521A29 /* RepositoriesViewController.swift in Sources */ = {isa = PBXBuildFile; fileRef = 6EF8CBB51A95F64400521A29 /* RepositoriesViewController.swift */; };
		6EF8CBBE1A95F64400521A29 /* RepositoriesViewController.swift in Sources */ = {isa = PBXBuildFile; fileRef = 6EF8CBB51A95F64400521A29 /* RepositoriesViewController.swift */; };
		6EF8CBBF1A95F64400521A29 /* RepositoriesViewController.xib in Resources */ = {isa = PBXBuildFile; fileRef = 6EF8CBB61A95F64400521A29 /* RepositoriesViewController.xib */; };
		6EF8CBC01A95F64400521A29 /* RepositoriesViewController.xib in Resources */ = {isa = PBXBuildFile; fileRef = 6EF8CBB61A95F64400521A29 /* RepositoriesViewController.xib */; };
		6EF8CBC11A95F64400521A29 /* PublicActivityViewController.swift in Sources */ = {isa = PBXBuildFile; fileRef = 6EF8CBB71A95F64400521A29 /* PublicActivityViewController.swift */; };
		6EF8CBC21A95F64400521A29 /* PublicActivityViewController.swift in Sources */ = {isa = PBXBuildFile; fileRef = 6EF8CBB71A95F64400521A29 /* PublicActivityViewController.swift */; };
		6EF8CBC31A95F64400521A29 /* PublicActivityViewController.xib in Resources */ = {isa = PBXBuildFile; fileRef = 6EF8CBB81A95F64400521A29 /* PublicActivityViewController.xib */; };
		6EF8CBC41A95F64400521A29 /* PublicActivityViewController.xib in Resources */ = {isa = PBXBuildFile; fileRef = 6EF8CBB81A95F64400521A29 /* PublicActivityViewController.xib */; };
		6EF8CBC81A95F67300521A29 /* AppDelegateTests.swift in Sources */ = {isa = PBXBuildFile; fileRef = 6EF8CBC61A95F67300521A29 /* AppDelegateTests.swift */; };
		6EF8CBC91A95F67300521A29 /* ObjectConfiguratorTests.swift in Sources */ = {isa = PBXBuildFile; fileRef = 6EF8CBC71A95F67300521A29 /* ObjectConfiguratorTests.swift */; };
		6EF8CBD61A95F69300521A29 /* MenuItemsPlistReaderTests.swift in Sources */ = {isa = PBXBuildFile; fileRef = 6EF8CBCB1A95F69300521A29 /* MenuItemsPlistReaderTests.swift */; };
		6EF8CBD71A95F69300521A29 /* MenuItemTests.swift in Sources */ = {isa = PBXBuildFile; fileRef = 6EF8CBCC1A95F69300521A29 /* MenuItemTests.swift */; };
		6EF8CBD81A95F69300521A29 /* MenuItemDefaultBuilderTests.swift in Sources */ = {isa = PBXBuildFile; fileRef = 6EF8CBCD1A95F69300521A29 /* MenuItemDefaultBuilderTests.swift */; };
		6EF8CBD91A95F69300521A29 /* FakeMenuItemsReader.swift in Sources */ = {isa = PBXBuildFile; fileRef = 6EF8CBCE1A95F69300521A29 /* FakeMenuItemsReader.swift */; };
		6EF8CBDA1A95F69300521A29 /* FakeMenuItemBuilder.swift in Sources */ = {isa = PBXBuildFile; fileRef = 6EF8CBCF1A95F69300521A29 /* FakeMenuItemBuilder.swift */; };
		6EF8CBDB1A95F69300521A29 /* MenuTableDefaultDataSourceTests.swift in Sources */ = {isa = PBXBuildFile; fileRef = 6EF8CBD01A95F69300521A29 /* MenuTableDefaultDataSourceTests.swift */; };
		6EF8CBDC1A95F69300521A29 /* MenuViewControllerTests.swift in Sources */ = {isa = PBXBuildFile; fileRef = 6EF8CBD11A95F69300521A29 /* MenuViewControllerTests.swift */; };
		6EF8CBDD1A95F69300521A29 /* MenuTableFakeDataSource.swift in Sources */ = {isa = PBXBuildFile; fileRef = 6EF8CBD21A95F69300521A29 /* MenuTableFakeDataSource.swift */; };
		6EF8CBDE1A95F69300521A29 /* AppMenuManagerTests.swift in Sources */ = {isa = PBXBuildFile; fileRef = 6EF8CBD31A95F69300521A29 /* AppMenuManagerTests.swift */; };
		6EF8CBDF1A95F69300521A29 /* MenuItemTapHandlerBuilderTests.swift in Sources */ = {isa = PBXBuildFile; fileRef = 6EF8CBD41A95F69300521A29 /* MenuItemTapHandlerBuilderTests.swift */; };
		6EF8CBE01A95F69300521A29 /* invalidMenuItems.plist in Resources */ = {isa = PBXBuildFile; fileRef = 6EF8CBD51A95F69300521A29 /* invalidMenuItems.plist */; };
		6EF8CBE11A95F6CC00521A29 /* AppMenuManager.swift in Sources */ = {isa = PBXBuildFile; fileRef = 6EF8CB9A1A95F61900521A29 /* AppMenuManager.swift */; };
		6EF8CBE21A95F6CC00521A29 /* MenuItemsReader.swift in Sources */ = {isa = PBXBuildFile; fileRef = 6EF8CB9B1A95F61900521A29 /* MenuItemsReader.swift */; };
		6EF8CBE31A95F6CC00521A29 /* MenuItemsPlistReader.swift in Sources */ = {isa = PBXBuildFile; fileRef = 6EF8CB9C1A95F61900521A29 /* MenuItemsPlistReader.swift */; };
		6EF8CBE41A95F6CC00521A29 /* MenuItem.swift in Sources */ = {isa = PBXBuildFile; fileRef = 6EF8CB9D1A95F61900521A29 /* MenuItem.swift */; };
		6EF8CBE51A95F6CC00521A29 /* MenuItemBuilder.swift in Sources */ = {isa = PBXBuildFile; fileRef = 6EF8CB9E1A95F61900521A29 /* MenuItemBuilder.swift */; };
		6EF8CBE61A95F6CC00521A29 /* MenuItemDefaultBuilder.swift in Sources */ = {isa = PBXBuildFile; fileRef = 6EF8CB9F1A95F61900521A29 /* MenuItemDefaultBuilder.swift */; };
		6EF8CBE71A95F6CC00521A29 /* MenuTableDataSource.swift in Sources */ = {isa = PBXBuildFile; fileRef = 6EF8CBA01A95F61900521A29 /* MenuTableDataSource.swift */; };
		6EF8CBE81A95F6CC00521A29 /* MenuTableDefaultDataSource.swift in Sources */ = {isa = PBXBuildFile; fileRef = 6EF8CBA11A95F61900521A29 /* MenuTableDefaultDataSource.swift */; };
		6EF8CBE91A95F6CC00521A29 /* MenuViewController.swift in Sources */ = {isa = PBXBuildFile; fileRef = 6EF8CBA21A95F61900521A29 /* MenuViewController.swift */; };
		6EF8CBEA1A95F6CC00521A29 /* MenuViewController.xib in Resources */ = {isa = PBXBuildFile; fileRef = 6EF8CBA31A95F61900521A29 /* MenuViewController.xib */; };
		6EF8CBEB1A95F6CC00521A29 /* MenuItemTapHandlerBuilder.swift in Sources */ = {isa = PBXBuildFile; fileRef = 6EF8CBA41A95F61900521A29 /* MenuItemTapHandlerBuilder.swift */; };
		6EF8CBEC1A95F6CC00521A29 /* menuItems.plist in Resources */ = {isa = PBXBuildFile; fileRef = 6EF8CBA51A95F61900521A29 /* menuItems.plist */; };
		6EF8CBED1A95F6D800521A29 /* AppDelegate.swift in Sources */ = {isa = PBXBuildFile; fileRef = 6EF8CB931A95F5F700521A29 /* AppDelegate.swift */; };
		6EF8CBEE1A95F6DB00521A29 /* ObjectConfigurator.swift in Sources */ = {isa = PBXBuildFile; fileRef = 6EF8CB941A95F5F700521A29 /* ObjectConfigurator.swift */; };
/* End PBXBuildFile section */

/* Begin PBXContainerItemProxy section */
		6EF8CB821A95F57200521A29 /* PBXContainerItemProxy */ = {
			isa = PBXContainerItemProxy;
			containerPortal = 6EF8CB641A95F57200521A29 /* Project object */;
			proxyType = 1;
			remoteGlobalIDString = 6EF8CB6B1A95F57200521A29;
			remoteInfo = AppMenuByPawanPoudel;
		};
/* End PBXContainerItemProxy section */

/* Begin PBXFileReference section */
		6EF8CB6C1A95F57200521A29 /* AppMenuByPawanPoudel.app */ = {isa = PBXFileReference; explicitFileType = wrapper.application; includeInIndex = 0; path = AppMenuByPawanPoudel.app; sourceTree = BUILT_PRODUCTS_DIR; };
		6EF8CB701A95F57200521A29 /* Info.plist */ = {isa = PBXFileReference; lastKnownFileType = text.plist.xml; path = Info.plist; sourceTree = "<group>"; };
		6EF8CB811A95F57200521A29 /* AppMenuByPawanPoudelTests.xctest */ = {isa = PBXFileReference; explicitFileType = wrapper.cfbundle; includeInIndex = 0; path = AppMenuByPawanPoudelTests.xctest; sourceTree = BUILT_PRODUCTS_DIR; };
		6EF8CB861A95F57200521A29 /* Info.plist */ = {isa = PBXFileReference; lastKnownFileType = text.plist.xml; path = Info.plist; sourceTree = "<group>"; };
		6EF8CB921A95F5F600521A29 /* AppMenuByPawanPoudel-Bridging-Header.h */ = {isa = PBXFileReference; lastKnownFileType = sourcecode.c.h; path = "AppMenuByPawanPoudel-Bridging-Header.h"; sourceTree = "<group>"; };
		6EF8CB931A95F5F700521A29 /* AppDelegate.swift */ = {isa = PBXFileReference; fileEncoding = 4; lastKnownFileType = sourcecode.swift; path = AppDelegate.swift; sourceTree = "<group>"; };
		6EF8CB941A95F5F700521A29 /* ObjectConfigurator.swift */ = {isa = PBXFileReference; fileEncoding = 4; lastKnownFileType = sourcecode.swift; path = ObjectConfigurator.swift; sourceTree = "<group>"; };
		6EF8CB951A95F5F700521A29 /* Images.xcassets */ = {isa = PBXFileReference; lastKnownFileType = folder.assetcatalog; path = Images.xcassets; sourceTree = "<group>"; };
		6EF8CB9A1A95F61900521A29 /* AppMenuManager.swift */ = {isa = PBXFileReference; fileEncoding = 4; lastKnownFileType = sourcecode.swift; path = AppMenuManager.swift; sourceTree = "<group>"; };
		6EF8CB9B1A95F61900521A29 /* MenuItemsReader.swift */ = {isa = PBXFileReference; fileEncoding = 4; lastKnownFileType = sourcecode.swift; path = MenuItemsReader.swift; sourceTree = "<group>"; };
		6EF8CB9C1A95F61900521A29 /* MenuItemsPlistReader.swift */ = {isa = PBXFileReference; fileEncoding = 4; lastKnownFileType = sourcecode.swift; path = MenuItemsPlistReader.swift; sourceTree = "<group>"; };
		6EF8CB9D1A95F61900521A29 /* MenuItem.swift */ = {isa = PBXFileReference; fileEncoding = 4; lastKnownFileType = sourcecode.swift; path = MenuItem.swift; sourceTree = "<group>"; };
		6EF8CB9E1A95F61900521A29 /* MenuItemBuilder.swift */ = {isa = PBXFileReference; fileEncoding = 4; lastKnownFileType = sourcecode.swift; path = MenuItemBuilder.swift; sourceTree = "<group>"; };
		6EF8CB9F1A95F61900521A29 /* MenuItemDefaultBuilder.swift */ = {isa = PBXFileReference; fileEncoding = 4; lastKnownFileType = sourcecode.swift; path = MenuItemDefaultBuilder.swift; sourceTree = "<group>"; };
		6EF8CBA01A95F61900521A29 /* MenuTableDataSource.swift */ = {isa = PBXFileReference; fileEncoding = 4; lastKnownFileType = sourcecode.swift; path = MenuTableDataSource.swift; sourceTree = "<group>"; };
		6EF8CBA11A95F61900521A29 /* MenuTableDefaultDataSource.swift */ = {isa = PBXFileReference; fileEncoding = 4; lastKnownFileType = sourcecode.swift; path = MenuTableDefaultDataSource.swift; sourceTree = "<group>"; };
		6EF8CBA21A95F61900521A29 /* MenuViewController.swift */ = {isa = PBXFileReference; fileEncoding = 4; lastKnownFileType = sourcecode.swift; path = MenuViewController.swift; sourceTree = "<group>"; };
		6EF8CBA31A95F61900521A29 /* MenuViewController.xib */ = {isa = PBXFileReference; fileEncoding = 4; lastKnownFileType = file.xib; path = MenuViewController.xib; sourceTree = "<group>"; };
		6EF8CBA41A95F61900521A29 /* MenuItemTapHandlerBuilder.swift */ = {isa = PBXFileReference; fileEncoding = 4; lastKnownFileType = sourcecode.swift; path = MenuItemTapHandlerBuilder.swift; sourceTree = "<group>"; };
		6EF8CBA51A95F61900521A29 /* menuItems.plist */ = {isa = PBXFileReference; lastKnownFileType = text.plist; path = menuItems.plist; sourceTree = "<group>"; };
		6EF8CBB31A95F64400521A29 /* ContributionsViewController.swift */ = {isa = PBXFileReference; fileEncoding = 4; lastKnownFileType = sourcecode.swift; path = ContributionsViewController.swift; sourceTree = "<group>"; };
		6EF8CBB41A95F64400521A29 /* ContributionsViewController.xib */ = {isa = PBXFileReference; fileEncoding = 4; lastKnownFileType = file.xib; path = ContributionsViewController.xib; sourceTree = "<group>"; };
		6EF8CBB51A95F64400521A29 /* RepositoriesViewController.swift */ = {isa = PBXFileReference; fileEncoding = 4; lastKnownFileType = sourcecode.swift; path = RepositoriesViewController.swift; sourceTree = "<group>"; };
		6EF8CBB61A95F64400521A29 /* RepositoriesViewController.xib */ = {isa = PBXFileReference; fileEncoding = 4; lastKnownFileType = file.xib; path = RepositoriesViewController.xib; sourceTree = "<group>"; };
		6EF8CBB71A95F64400521A29 /* PublicActivityViewController.swift */ = {isa = PBXFileReference; fileEncoding = 4; lastKnownFileType = sourcecode.swift; path = PublicActivityViewController.swift; sourceTree = "<group>"; };
		6EF8CBB81A95F64400521A29 /* PublicActivityViewController.xib */ = {isa = PBXFileReference; fileEncoding = 4; lastKnownFileType = file.xib; path = PublicActivityViewController.xib; sourceTree = "<group>"; };
		6EF8CBC61A95F67300521A29 /* AppDelegateTests.swift */ = {isa = PBXFileReference; fileEncoding = 4; lastKnownFileType = sourcecode.swift; path = AppDelegateTests.swift; sourceTree = "<group>"; };
		6EF8CBC71A95F67300521A29 /* ObjectConfiguratorTests.swift */ = {isa = PBXFileReference; fileEncoding = 4; lastKnownFileType = sourcecode.swift; path = ObjectConfiguratorTests.swift; sourceTree = "<group>"; };
		6EF8CBCB1A95F69300521A29 /* MenuItemsPlistReaderTests.swift */ = {isa = PBXFileReference; fileEncoding = 4; lastKnownFileType = sourcecode.swift; path = MenuItemsPlistReaderTests.swift; sourceTree = "<group>"; };
		6EF8CBCC1A95F69300521A29 /* MenuItemTests.swift */ = {isa = PBXFileReference; fileEncoding = 4; lastKnownFileType = sourcecode.swift; path = MenuItemTests.swift; sourceTree = "<group>"; };
		6EF8CBCD1A95F69300521A29 /* MenuItemDefaultBuilderTests.swift */ = {isa = PBXFileReference; fileEncoding = 4; lastKnownFileType = sourcecode.swift; path = MenuItemDefaultBuilderTests.swift; sourceTree = "<group>"; };
		6EF8CBCE1A95F69300521A29 /* FakeMenuItemsReader.swift */ = {isa = PBXFileReference; fileEncoding = 4; lastKnownFileType = sourcecode.swift; path = FakeMenuItemsReader.swift; sourceTree = "<group>"; };
		6EF8CBCF1A95F69300521A29 /* FakeMenuItemBuilder.swift */ = {isa = PBXFileReference; fileEncoding = 4; lastKnownFileType = sourcecode.swift; path = FakeMenuItemBuilder.swift; sourceTree = "<group>"; };
		6EF8CBD01A95F69300521A29 /* MenuTableDefaultDataSourceTests.swift */ = {isa = PBXFileReference; fileEncoding = 4; lastKnownFileType = sourcecode.swift; path = MenuTableDefaultDataSourceTests.swift; sourceTree = "<group>"; };
		6EF8CBD11A95F69300521A29 /* MenuViewControllerTests.swift */ = {isa = PBXFileReference; fileEncoding = 4; lastKnownFileType = sourcecode.swift; path = MenuViewControllerTests.swift; sourceTree = "<group>"; };
		6EF8CBD21A95F69300521A29 /* MenuTableFakeDataSource.swift */ = {isa = PBXFileReference; fileEncoding = 4; lastKnownFileType = sourcecode.swift; path = MenuTableFakeDataSource.swift; sourceTree = "<group>"; };
		6EF8CBD31A95F69300521A29 /* AppMenuManagerTests.swift */ = {isa = PBXFileReference; fileEncoding = 4; lastKnownFileType = sourcecode.swift; path = AppMenuManagerTests.swift; sourceTree = "<group>"; };
		6EF8CBD41A95F69300521A29 /* MenuItemTapHandlerBuilderTests.swift */ = {isa = PBXFileReference; fileEncoding = 4; lastKnownFileType = sourcecode.swift; path = MenuItemTapHandlerBuilderTests.swift; sourceTree = "<group>"; };
		6EF8CBD51A95F69300521A29 /* invalidMenuItems.plist */ = {isa = PBXFileReference; fileEncoding = 4; lastKnownFileType = text.plist.xml; path = invalidMenuItems.plist; sourceTree = "<group>"; };
/* End PBXFileReference section */

/* Begin PBXFrameworksBuildPhase section */
		6EF8CB691A95F57200521A29 /* Frameworks */ = {
			isa = PBXFrameworksBuildPhase;
			buildActionMask = 2147483647;
			files = (
			);
			runOnlyForDeploymentPostprocessing = 0;
		};
		6EF8CB7E1A95F57200521A29 /* Frameworks */ = {
			isa = PBXFrameworksBuildPhase;
			buildActionMask = 2147483647;
			files = (
			);
			runOnlyForDeploymentPostprocessing = 0;
		};
/* End PBXFrameworksBuildPhase section */

/* Begin PBXGroup section */
		6EF8CB631A95F57200521A29 = {
			isa = PBXGroup;
			children = (
				6EF8CB6E1A95F57200521A29 /* AppMenuByPawanPoudel */,
				6EF8CB841A95F57200521A29 /* AppMenuByPawanPoudelTests */,
				6EF8CB6D1A95F57200521A29 /* Products */,
			);
			sourceTree = "<group>";
		};
		6EF8CB6D1A95F57200521A29 /* Products */ = {
			isa = PBXGroup;
			children = (
				6EF8CB6C1A95F57200521A29 /* AppMenuByPawanPoudel.app */,
				6EF8CB811A95F57200521A29 /* AppMenuByPawanPoudelTests.xctest */,
			);
			name = Products;
			sourceTree = "<group>";
		};
		6EF8CB6E1A95F57200521A29 /* AppMenuByPawanPoudel */ = {
			isa = PBXGroup;
			children = (
				6EF8CBB21A95F63100521A29 /* TapHandlers */,
				6EF8CB991A95F60A00521A29 /* MainNavigation */,
				6EF8CB911A95F5E100521A29 /* Common */,
				6EF8CB6F1A95F57200521A29 /* Supporting Files */,
			);
			path = AppMenuByPawanPoudel;
			sourceTree = "<group>";
		};
		6EF8CB6F1A95F57200521A29 /* Supporting Files */ = {
			isa = PBXGroup;
			children = (
				6EF8CB701A95F57200521A29 /* Info.plist */,
			);
			name = "Supporting Files";
			sourceTree = "<group>";
		};
		6EF8CB841A95F57200521A29 /* AppMenuByPawanPoudelTests */ = {
			isa = PBXGroup;
			children = (
				6EF8CBCA1A95F67B00521A29 /* MainNavigation */,
				6EF8CBC51A95F66500521A29 /* Common */,
				6EF8CB851A95F57200521A29 /* Supporting Files */,
			);
			path = AppMenuByPawanPoudelTests;
			sourceTree = "<group>";
		};
		6EF8CB851A95F57200521A29 /* Supporting Files */ = {
			isa = PBXGroup;
			children = (
				6EF8CB861A95F57200521A29 /* Info.plist */,
			);
			name = "Supporting Files";
			sourceTree = "<group>";
		};
		6EF8CB911A95F5E100521A29 /* Common */ = {
			isa = PBXGroup;
			children = (
				6EF8CB931A95F5F700521A29 /* AppDelegate.swift */,
				6EF8CB941A95F5F700521A29 /* ObjectConfigurator.swift */,
				6EF8CB951A95F5F700521A29 /* Images.xcassets */,
				6EF8CB921A95F5F600521A29 /* AppMenuByPawanPoudel-Bridging-Header.h */,
			);
			name = Common;
			sourceTree = "<group>";
		};
		6EF8CB991A95F60A00521A29 /* MainNavigation */ = {
			isa = PBXGroup;
			children = (
				6EF8CB9A1A95F61900521A29 /* AppMenuManager.swift */,
				6EF8CB9B1A95F61900521A29 /* MenuItemsReader.swift */,
				6EF8CB9C1A95F61900521A29 /* MenuItemsPlistReader.swift */,
				6EF8CB9D1A95F61900521A29 /* MenuItem.swift */,
				6EF8CB9E1A95F61900521A29 /* MenuItemBuilder.swift */,
				6EF8CB9F1A95F61900521A29 /* MenuItemDefaultBuilder.swift */,
				6EF8CBA01A95F61900521A29 /* MenuTableDataSource.swift */,
				6EF8CBA11A95F61900521A29 /* MenuTableDefaultDataSource.swift */,
				6EF8CBA21A95F61900521A29 /* MenuViewController.swift */,
				6EF8CBA31A95F61900521A29 /* MenuViewController.xib */,
				6EF8CBA41A95F61900521A29 /* MenuItemTapHandlerBuilder.swift */,
				6EF8CBA51A95F61900521A29 /* menuItems.plist */,
			);
			name = MainNavigation;
			sourceTree = "<group>";
		};
		6EF8CBB21A95F63100521A29 /* TapHandlers */ = {
			isa = PBXGroup;
			children = (
				6EF8CBB31A95F64400521A29 /* ContributionsViewController.swift */,
				6EF8CBB41A95F64400521A29 /* ContributionsViewController.xib */,
				6EF8CBB51A95F64400521A29 /* RepositoriesViewController.swift */,
				6EF8CBB61A95F64400521A29 /* RepositoriesViewController.xib */,
				6EF8CBB71A95F64400521A29 /* PublicActivityViewController.swift */,
				6EF8CBB81A95F64400521A29 /* PublicActivityViewController.xib */,
			);
			name = TapHandlers;
			sourceTree = "<group>";
		};
		6EF8CBC51A95F66500521A29 /* Common */ = {
			isa = PBXGroup;
			children = (
				6EF8CBC61A95F67300521A29 /* AppDelegateTests.swift */,
				6EF8CBC71A95F67300521A29 /* ObjectConfiguratorTests.swift */,
			);
			name = Common;
			sourceTree = "<group>";
		};
		6EF8CBCA1A95F67B00521A29 /* MainNavigation */ = {
			isa = PBXGroup;
			children = (
				6EF8CBCB1A95F69300521A29 /* MenuItemsPlistReaderTests.swift */,
				6EF8CBCC1A95F69300521A29 /* MenuItemTests.swift */,
				6EF8CBCD1A95F69300521A29 /* MenuItemDefaultBuilderTests.swift */,
				6EF8CBCE1A95F69300521A29 /* FakeMenuItemsReader.swift */,
				6EF8CBCF1A95F69300521A29 /* FakeMenuItemBuilder.swift */,
				6EF8CBD01A95F69300521A29 /* MenuTableDefaultDataSourceTests.swift */,
				6EF8CBD11A95F69300521A29 /* MenuViewControllerTests.swift */,
				6EF8CBD21A95F69300521A29 /* MenuTableFakeDataSource.swift */,
				6EF8CBD31A95F69300521A29 /* AppMenuManagerTests.swift */,
				6EF8CBD41A95F69300521A29 /* MenuItemTapHandlerBuilderTests.swift */,
				6EF8CBD51A95F69300521A29 /* invalidMenuItems.plist */,
			);
			name = MainNavigation;
			sourceTree = "<group>";
		};
/* End PBXGroup section */

/* Begin PBXNativeTarget section */
		6EF8CB6B1A95F57200521A29 /* AppMenuByPawanPoudel */ = {
			isa = PBXNativeTarget;
			buildConfigurationList = 6EF8CB8B1A95F57200521A29 /* Build configuration list for PBXNativeTarget "AppMenuByPawanPoudel" */;
			buildPhases = (
				6EF8CB681A95F57200521A29 /* Sources */,
				6EF8CB691A95F57200521A29 /* Frameworks */,
				6EF8CB6A1A95F57200521A29 /* Resources */,
			);
			buildRules = (
			);
			dependencies = (
			);
			name = AppMenuByPawanPoudel;
			productName = AppMenuByPawanPoudel;
			productReference = 6EF8CB6C1A95F57200521A29 /* AppMenuByPawanPoudel.app */;
			productType = "com.apple.product-type.application";
		};
		6EF8CB801A95F57200521A29 /* AppMenuByPawanPoudelTests */ = {
			isa = PBXNativeTarget;
			buildConfigurationList = 6EF8CB8E1A95F57200521A29 /* Build configuration list for PBXNativeTarget "AppMenuByPawanPoudelTests" */;
			buildPhases = (
				6EF8CB7D1A95F57200521A29 /* Sources */,
				6EF8CB7E1A95F57200521A29 /* Frameworks */,
				6EF8CB7F1A95F57200521A29 /* Resources */,
			);
			buildRules = (
			);
			dependencies = (
				6EF8CB831A95F57200521A29 /* PBXTargetDependency */,
			);
			name = AppMenuByPawanPoudelTests;
			productName = AppMenuByPawanPoudelTests;
			productReference = 6EF8CB811A95F57200521A29 /* AppMenuByPawanPoudelTests.xctest */;
			productType = "com.apple.product-type.bundle.unit-test";
		};
/* End PBXNativeTarget section */

/* Begin PBXProject section */
		6EF8CB641A95F57200521A29 /* Project object */ = {
			isa = PBXProject;
			attributes = {
				LastUpgradeCheck = 0610;
				ORGANIZATIONNAME = madeTK.com;
				TargetAttributes = {
					6EF8CB6B1A95F57200521A29 = {
						CreatedOnToolsVersion = 6.1.1;
					};
					6EF8CB801A95F57200521A29 = {
						CreatedOnToolsVersion = 6.1.1;
						TestTargetID = 6EF8CB6B1A95F57200521A29;
					};
				};
			};
			buildConfigurationList = 6EF8CB671A95F57200521A29 /* Build configuration list for PBXProject "AppMenuByPawanPoudel" */;
			compatibilityVersion = "Xcode 3.2";
			developmentRegion = English;
			hasScannedForEncodings = 0;
			knownRegions = (
				en,
				Base,
			);
			mainGroup = 6EF8CB631A95F57200521A29;
			productRefGroup = 6EF8CB6D1A95F57200521A29 /* Products */;
			projectDirPath = "";
			projectRoot = "";
			targets = (
				6EF8CB6B1A95F57200521A29 /* AppMenuByPawanPoudel */,
				6EF8CB801A95F57200521A29 /* AppMenuByPawanPoudelTests */,
			);
		};
/* End PBXProject section */

/* Begin PBXResourcesBuildPhase section */
		6EF8CB6A1A95F57200521A29 /* Resources */ = {
			isa = PBXResourcesBuildPhase;
			buildActionMask = 2147483647;
			files = (
				6EF8CB981A95F5F700521A29 /* Images.xcassets in Resources */,
				6EF8CBAF1A95F61900521A29 /* MenuViewController.xib in Resources */,
				6EF8CBBF1A95F64400521A29 /* RepositoriesViewController.xib in Resources */,
				6EF8CBBB1A95F64400521A29 /* ContributionsViewController.xib in Resources */,
				6EF8CBC31A95F64400521A29 /* PublicActivityViewController.xib in Resources */,
				6EF8CBB11A95F61900521A29 /* menuItems.plist in Resources */,
			);
			runOnlyForDeploymentPostprocessing = 0;
		};
		6EF8CB7F1A95F57200521A29 /* Resources */ = {
			isa = PBXResourcesBuildPhase;
			buildActionMask = 2147483647;
			files = (
				6EF8CBC01A95F64400521A29 /* RepositoriesViewController.xib in Resources */,
				6EF8CBC41A95F64400521A29 /* PublicActivityViewController.xib in Resources */,
				6EF8CBEC1A95F6CC00521A29 /* menuItems.plist in Resources */,
				6EF8CBEA1A95F6CC00521A29 /* MenuViewController.xib in Resources */,
				6EF8CBE01A95F69300521A29 /* invalidMenuItems.plist in Resources */,
				6EF8CBBC1A95F64400521A29 /* ContributionsViewController.xib in Resources */,
			);
			runOnlyForDeploymentPostprocessing = 0;
		};
/* End PBXResourcesBuildPhase section */

/* Begin PBXSourcesBuildPhase section */
		6EF8CB681A95F57200521A29 /* Sources */ = {
			isa = PBXSourcesBuildPhase;
			buildActionMask = 2147483647;
			files = (
				6EF8CBAD1A95F61900521A29 /* MenuTableDefaultDataSource.swift in Sources */,
				6EF8CBAA1A95F61900521A29 /* MenuItemBuilder.swift in Sources */,
				6EF8CB961A95F5F700521A29 /* AppDelegate.swift in Sources */,
				6EF8CBA61A95F61900521A29 /* AppMenuManager.swift in Sources */,
				6EF8CBAE1A95F61900521A29 /* MenuViewController.swift in Sources */,
				6EF8CBA71A95F61900521A29 /* MenuItemsReader.swift in Sources */,
				6EF8CBA91A95F61900521A29 /* MenuItem.swift in Sources */,
				6EF8CBC11A95F64400521A29 /* PublicActivityViewController.swift in Sources */,
				6EF8CB971A95F5F700521A29 /* ObjectConfigurator.swift in Sources */,
				6EF8CBB01A95F61900521A29 /* MenuItemTapHandlerBuilder.swift in Sources */,
				6EF8CBB91A95F64400521A29 /* ContributionsViewController.swift in Sources */,
				6EF8CBAC1A95F61900521A29 /* MenuTableDataSource.swift in Sources */,
				6EF8CBA81A95F61900521A29 /* MenuItemsPlistReader.swift in Sources */,
				6EF8CBBD1A95F64400521A29 /* RepositoriesViewController.swift in Sources */,
				6EF8CBAB1A95F61900521A29 /* MenuItemDefaultBuilder.swift in Sources */,
			);
			runOnlyForDeploymentPostprocessing = 0;
		};
		6EF8CB7D1A95F57200521A29 /* Sources */ = {
			isa = PBXSourcesBuildPhase;
			buildActionMask = 2147483647;
			files = (
				6EF8CBE81A95F6CC00521A29 /* MenuTableDefaultDataSource.swift in Sources */,
				6EF8CBDF1A95F69300521A29 /* MenuItemTapHandlerBuilderTests.swift in Sources */,
				6EF8CBDA1A95F69300521A29 /* FakeMenuItemBuilder.swift in Sources */,
				6EF8CBC21A95F64400521A29 /* PublicActivityViewController.swift in Sources */,
				6EF8CBE31A95F6CC00521A29 /* MenuItemsPlistReader.swift in Sources */,
				6EF8CBE11A95F6CC00521A29 /* AppMenuManager.swift in Sources */,
				6EF8CBC81A95F67300521A29 /* AppDelegateTests.swift in Sources */,
				6EF8CBBA1A95F64400521A29 /* ContributionsViewController.swift in Sources */,
				6EF8CBE51A95F6CC00521A29 /* MenuItemBuilder.swift in Sources */,
				6EF8CBDB1A95F69300521A29 /* MenuTableDefaultDataSourceTests.swift in Sources */,
				6EF8CBE71A95F6CC00521A29 /* MenuTableDataSource.swift in Sources */,
				6EF8CBD61A95F69300521A29 /* MenuItemsPlistReaderTests.swift in Sources */,
				6EF8CBE41A95F6CC00521A29 /* MenuItem.swift in Sources */,
				6EF8CBEE1A95F6DB00521A29 /* ObjectConfigurator.swift in Sources */,
				6EF8CBBE1A95F64400521A29 /* RepositoriesViewController.swift in Sources */,
				6EF8CBEB1A95F6CC00521A29 /* MenuItemTapHandlerBuilder.swift in Sources */,
				6EF8CBDD1A95F69300521A29 /* MenuTableFakeDataSource.swift in Sources */,
				6EF8CBE21A95F6CC00521A29 /* MenuItemsReader.swift in Sources */,
				6EF8CBE91A95F6CC00521A29 /* MenuViewController.swift in Sources */,
				6EF8CBD71A95F69300521A29 /* MenuItemTests.swift in Sources */,
				6EF8CBE61A95F6CC00521A29 /* MenuItemDefaultBuilder.swift in Sources */,
				6EF8CBDE1A95F69300521A29 /* AppMenuManagerTests.swift in Sources */,
				6EF8CBED1A95F6D800521A29 /* AppDelegate.swift in Sources */,
				6EF8CBDC1A95F69300521A29 /* MenuViewControllerTests.swift in Sources */,
				6EF8CBD81A95F69300521A29 /* MenuItemDefaultBuilderTests.swift in Sources */,
				6EF8CBC91A95F67300521A29 /* ObjectConfiguratorTests.swift in Sources */,
				6EF8CBD91A95F69300521A29 /* FakeMenuItemsReader.swift in Sources */,
			);
			runOnlyForDeploymentPostprocessing = 0;
		};
/* End PBXSourcesBuildPhase section */

/* Begin PBXTargetDependency section */
		6EF8CB831A95F57200521A29 /* PBXTargetDependency */ = {
			isa = PBXTargetDependency;
			target = 6EF8CB6B1A95F57200521A29 /* AppMenuByPawanPoudel */;
			targetProxy = 6EF8CB821A95F57200521A29 /* PBXContainerItemProxy */;
		};
/* End PBXTargetDependency section */

/* Begin XCBuildConfiguration section */
		6EF8CB891A95F57200521A29 /* Debug */ = {
			isa = XCBuildConfiguration;
			buildSettings = {
				ALWAYS_SEARCH_USER_PATHS = NO;
				CLANG_CXX_LANGUAGE_STANDARD = "gnu++0x";
				CLANG_CXX_LIBRARY = "libc++";
				CLANG_ENABLE_MODULES = YES;
				CLANG_ENABLE_OBJC_ARC = YES;
				CLANG_WARN_BOOL_CONVERSION = YES;
				CLANG_WARN_CONSTANT_CONVERSION = YES;
				CLANG_WARN_DIRECT_OBJC_ISA_USAGE = YES_ERROR;
				CLANG_WARN_EMPTY_BODY = YES;
				CLANG_WARN_ENUM_CONVERSION = YES;
				CLANG_WARN_INT_CONVERSION = YES;
				CLANG_WARN_OBJC_ROOT_CLASS = YES_ERROR;
				CLANG_WARN_UNREACHABLE_CODE = YES;
				CLANG_WARN__DUPLICATE_METHOD_MATCH = YES;
				"CODE_SIGN_IDENTITY[sdk=iphoneos*]" = "iPhone Developer";
				COPY_PHASE_STRIP = NO;
				ENABLE_STRICT_OBJC_MSGSEND = YES;
				GCC_C_LANGUAGE_STANDARD = gnu99;
				GCC_DYNAMIC_NO_PIC = NO;
				GCC_OPTIMIZATION_LEVEL = 0;
				GCC_PREPROCESSOR_DEFINITIONS = (
					"DEBUG=1",
					"$(inherited)",
				);
				GCC_SYMBOLS_PRIVATE_EXTERN = NO;
				GCC_WARN_64_TO_32_BIT_CONVERSION = YES;
				GCC_WARN_ABOUT_RETURN_TYPE = YES_ERROR;
				GCC_WARN_UNDECLARED_SELECTOR = YES;
				GCC_WARN_UNINITIALIZED_AUTOS = YES_AGGRESSIVE;
				GCC_WARN_UNUSED_FUNCTION = YES;
				GCC_WARN_UNUSED_VARIABLE = YES;
				IPHONEOS_DEPLOYMENT_TARGET = 8.1;
				MTL_ENABLE_DEBUG_INFO = YES;
				ONLY_ACTIVE_ARCH = YES;
				SDKROOT = iphoneos;
				SWIFT_OPTIMIZATION_LEVEL = "-Onone";
			};
			name = Debug;
		};
		6EF8CB8A1A95F57200521A29 /* Release */ = {
			isa = XCBuildConfiguration;
			buildSettings = {
				ALWAYS_SEARCH_USER_PATHS = NO;
				CLANG_CXX_LANGUAGE_STANDARD = "gnu++0x";
				CLANG_CXX_LIBRARY = "libc++";
				CLANG_ENABLE_MODULES = YES;
				CLANG_ENABLE_OBJC_ARC = YES;
				CLANG_WARN_BOOL_CONVERSION = YES;
				CLANG_WARN_CONSTANT_CONVERSION = YES;
				CLANG_WARN_DIRECT_OBJC_ISA_USAGE = YES_ERROR;
				CLANG_WARN_EMPTY_BODY = YES;
				CLANG_WARN_ENUM_CONVERSION = YES;
				CLANG_WARN_INT_CONVERSION = YES;
				CLANG_WARN_OBJC_ROOT_CLASS = YES_ERROR;
				CLANG_WARN_UNREACHABLE_CODE = YES;
				CLANG_WARN__DUPLICATE_METHOD_MATCH = YES;
				"CODE_SIGN_IDENTITY[sdk=iphoneos*]" = "iPhone Developer";
				COPY_PHASE_STRIP = YES;
				ENABLE_NS_ASSERTIONS = NO;
				ENABLE_STRICT_OBJC_MSGSEND = YES;
				GCC_C_LANGUAGE_STANDARD = gnu99;
				GCC_WARN_64_TO_32_BIT_CONVERSION = YES;
				GCC_WARN_ABOUT_RETURN_TYPE = YES_ERROR;
				GCC_WARN_UNDECLARED_SELECTOR = YES;
				GCC_WARN_UNINITIALIZED_AUTOS = YES_AGGRESSIVE;
				GCC_WARN_UNUSED_FUNCTION = YES;
				GCC_WARN_UNUSED_VARIABLE = YES;
				IPHONEOS_DEPLOYMENT_TARGET = 8.1;
				MTL_ENABLE_DEBUG_INFO = NO;
				SDKROOT = iphoneos;
				VALIDATE_PRODUCT = YES;
			};
			name = Release;
		};
		6EF8CB8C1A95F57200521A29 /* Debug */ = {
			isa = XCBuildConfiguration;
			buildSettings = {
				ASSETCATALOG_COMPILER_APPICON_NAME = AppIcon;
				CLANG_ENABLE_MODULES = YES;
				INFOPLIST_FILE = AppMenuByPawanPoudel/Info.plist;
				IPHONEOS_DEPLOYMENT_TARGET = 7.1;
				LD_RUNPATH_SEARCH_PATHS = "$(inherited) @executable_path/Frameworks";
				PRODUCT_NAME = "$(TARGET_NAME)";
				SWIFT_OBJC_BRIDGING_HEADER = "AppMenuByPawanPoudel/AppMenuByPawanPoudel-Bridging-Header.h";
				SWIFT_OPTIMIZATION_LEVEL = "-Onone";
			};
			name = Debug;
		};
		6EF8CB8D1A95F57200521A29 /* Release */ = {
			isa = XCBuildConfiguration;
			buildSettings = {
				ASSETCATALOG_COMPILER_APPICON_NAME = AppIcon;
				CLANG_ENABLE_MODULES = YES;
				INFOPLIST_FILE = AppMenuByPawanPoudel/Info.plist;
				IPHONEOS_DEPLOYMENT_TARGET = 7.1;
				LD_RUNPATH_SEARCH_PATHS = "$(inherited) @executable_path/Frameworks";
				PRODUCT_NAME = "$(TARGET_NAME)";
				SWIFT_OBJC_BRIDGING_HEADER = "AppMenuByPawanPoudel/AppMenuByPawanPoudel-Bridging-Header.h";
			};
			name = Release;
		};
		6EF8CB8F1A95F57200521A29 /* Debug */ = {
			isa = XCBuildConfiguration;
			buildSettings = {
				BUNDLE_LOADER = "$(TEST_HOST)";
				FRAMEWORK_SEARCH_PATHS = (
					"$(SDKROOT)/Developer/Library/Frameworks",
					"$(inherited)",
				);
				GCC_PREPROCESSOR_DEFINITIONS = (
					"DEBUG=1",
					"$(inherited)",
				);
				INFOPLIST_FILE = AppMenuByPawanPoudelTests/Info.plist;
				LD_RUNPATH_SEARCH_PATHS = "$(inherited) @executable_path/Frameworks @loader_path/Frameworks";
				PRODUCT_NAME = "$(TARGET_NAME)";
				TEST_HOST = "$(BUILT_PRODUCTS_DIR)/AppMenuByPawanPoudel.app/AppMenuByPawanPoudel";
			};
			name = Debug;
		};
		6EF8CB901A95F57200521A29 /* Release */ = {
			isa = XCBuildConfiguration;
			buildSettings = {
				BUNDLE_LOADER = "$(TEST_HOST)";
				FRAMEWORK_SEARCH_PATHS = (
					"$(SDKROOT)/Developer/Library/Frameworks",
					"$(inherited)",
				);
				INFOPLIST_FILE = AppMenuByPawanPoudelTests/Info.plist;
				LD_RUNPATH_SEARCH_PATHS = "$(inherited) @executable_path/Frameworks @loader_path/Frameworks";
				PRODUCT_NAME = "$(TARGET_NAME)";
				TEST_HOST = "$(BUILT_PRODUCTS_DIR)/AppMenuByPawanPoudel.app/AppMenuByPawanPoudel";
			};
			name = Release;
		};
/* End XCBuildConfiguration section */

/* Begin XCConfigurationList section */
		6EF8CB671A95F57200521A29 /* Build configuration list for PBXProject "AppMenuByPawanPoudel" */ = {
			isa = XCConfigurationList;
			buildConfigurations = (
				6EF8CB891A95F57200521A29 /* Debug */,
				6EF8CB8A1A95F57200521A29 /* Release */,
			);
			defaultConfigurationIsVisible = 0;
			defaultConfigurationName = Release;
		};
		6EF8CB8B1A95F57200521A29 /* Build configuration list for PBXNativeTarget "AppMenuByPawanPoudel" */ = {
			isa = XCConfigurationList;
			buildConfigurations = (
				6EF8CB8C1A95F57200521A29 /* Debug */,
				6EF8CB8D1A95F57200521A29 /* Release */,
			);
			defaultConfigurationIsVisible = 0;
		};
		6EF8CB8E1A95F57200521A29 /* Build configuration list for PBXNativeTarget "AppMenuByPawanPoudelTests" */ = {
			isa = XCConfigurationList;
			buildConfigurations = (
				6EF8CB8F1A95F57200521A29 /* Debug */,
				6EF8CB901A95F57200521A29 /* Release */,
			);
			defaultConfigurationIsVisible = 0;
		};
/* End XCConfigurationList section */
	};
	rootObject = 6EF8CB641A95F57200521A29 /* Project object */;
}
